// !$*UTF8*$!
{
	archiveVersion = 1;
	classes = {
	};
	objectVersion = 55;
	objects = {

/* Begin PBXBuildFile section */
		0903C33C28A6A86200062CCA /* Client+POST.swift in Sources */ = {isa = PBXBuildFile; fileRef = 0903C33B28A6A86200062CCA /* Client+POST.swift */; };
		094C59F028A16B3600ECB3E3 /* LoginResponse.swift in Sources */ = {isa = PBXBuildFile; fileRef = 094C59EF28A16B3600ECB3E3 /* LoginResponse.swift */; };
		094C59F228A16BAF00ECB3E3 /* Account.swift in Sources */ = {isa = PBXBuildFile; fileRef = 094C59F128A16BAF00ECB3E3 /* Account.swift */; };
		094C59F428A16BBD00ECB3E3 /* Session.swift in Sources */ = {isa = PBXBuildFile; fileRef = 094C59F328A16BBD00ECB3E3 /* Session.swift */; };
		094C59F628A16E0C00ECB3E3 /* UserProfile.swift in Sources */ = {isa = PBXBuildFile; fileRef = 094C59F528A16E0C00ECB3E3 /* UserProfile.swift */; };
		094C59F828A16F4A00ECB3E3 /* StudentLocation.swift in Sources */ = {isa = PBXBuildFile; fileRef = 094C59F728A16F4A00ECB3E3 /* StudentLocation.swift */; };
		094C59FA28A16FD200ECB3E3 /* PostLocationResponse.swift in Sources */ = {isa = PBXBuildFile; fileRef = 094C59F928A16FD200ECB3E3 /* PostLocationResponse.swift */; };
		094C59FC28A1703D00ECB3E3 /* UpdateLocationResponse.swift in Sources */ = {isa = PBXBuildFile; fileRef = 094C59FB28A1703D00ECB3E3 /* UpdateLocationResponse.swift */; };
		094C59FF28A170D600ECB3E3 /* UITextFieldExtension.swift in Sources */ = {isa = PBXBuildFile; fileRef = 094C59FE28A170D600ECB3E3 /* UITextFieldExtension.swift */; };
		094C5A0528A1883B00ECB3E3 /* Location.swift in Sources */ = {isa = PBXBuildFile; fileRef = 094C5A0428A1883B00ECB3E3 /* Location.swift */; };
		0955F42728999E70009B14F2 /* AppDelegate.swift in Sources */ = {isa = PBXBuildFile; fileRef = 0955F42628999E70009B14F2 /* AppDelegate.swift */; };
		0955F42928999E70009B14F2 /* SceneDelegate.swift in Sources */ = {isa = PBXBuildFile; fileRef = 0955F42828999E70009B14F2 /* SceneDelegate.swift */; };
		0955F42B28999E70009B14F2 /* Client.swift in Sources */ = {isa = PBXBuildFile; fileRef = 0955F42A28999E70009B14F2 /* Client.swift */; };
		0955F42E28999E70009B14F2 /* Main.storyboard in Resources */ = {isa = PBXBuildFile; fileRef = 0955F42C28999E70009B14F2 /* Main.storyboard */; };
		0955F43028999E72009B14F2 /* Assets.xcassets in Resources */ = {isa = PBXBuildFile; fileRef = 0955F42F28999E72009B14F2 /* Assets.xcassets */; };
		0955F43328999E72009B14F2 /* LaunchScreen.storyboard in Resources */ = {isa = PBXBuildFile; fileRef = 0955F43128999E72009B14F2 /* LaunchScreen.storyboard */; };
		0955F43B28999EA0009B14F2 /* StudentInformation.swift in Sources */ = {isa = PBXBuildFile; fileRef = 0955F43A28999EA0009B14F2 /* StudentInformation.swift */; };
		0955F43D2899A33E009B14F2 /* APIResponse.swift in Sources */ = {isa = PBXBuildFile; fileRef = 0955F43C2899A33E009B14F2 /* APIResponse.swift */; };
		0955F43F2899C2A5009B14F2 /* MapViewController.swift in Sources */ = {isa = PBXBuildFile; fileRef = 0955F43E2899C2A5009B14F2 /* MapViewController.swift */; };
		0955F442289ABF38009B14F2 /* MapKit.framework in Frameworks */ = {isa = PBXBuildFile; fileRef = 0955F441289ABF38009B14F2 /* MapKit.framework */; };
		09E17540289C353B00F4A14A /* InputStudentLocationDataViewController.swift in Sources */ = {isa = PBXBuildFile; fileRef = 09E1753F289C353B00F4A14A /* InputStudentLocationDataViewController.swift */; };
		09E17543289C510900F4A14A /* TableCell.swift in Sources */ = {isa = PBXBuildFile; fileRef = 09E17542289C510900F4A14A /* TableCell.swift */; };
		09E17545289C54A600F4A14A /* UIViewControllerExtensions.swift in Sources */ = {isa = PBXBuildFile; fileRef = 09E17544289C54A600F4A14A /* UIViewControllerExtensions.swift */; };
		09E17547289C619100F4A14A /* TheRequestHelpers.swift in Sources */ = {isa = PBXBuildFile; fileRef = 09E17546289C619100F4A14A /* TheRequestHelpers.swift */; };
		09E17549289C656300F4A14A /* LoginRequest.swift in Sources */ = {isa = PBXBuildFile; fileRef = 09E17548289C656300F4A14A /* LoginRequest.swift */; };
		09E7A4BC289AD67A00AC883B /* LoginViewController.swift in Sources */ = {isa = PBXBuildFile; fileRef = 09E7A4BB289AD67A00AC883B /* LoginViewController.swift */; };
		09E7A4CC289B042B00AC883B /* ListViewController.swift in Sources */ = {isa = PBXBuildFile; fileRef = 09E7A4CB289B042B00AC883B /* ListViewController.swift */; };
		09E7A4D8289B2AF000AC883B /* AddStudentViewController.swift in Sources */ = {isa = PBXBuildFile; fileRef = 09E7A4D7289B2AF000AC883B /* AddStudentViewController.swift */; };
/* End PBXBuildFile section */

/* Begin PBXFileReference section */
		0903C33B28A6A86200062CCA /* Client+POST.swift */ = {isa = PBXFileReference; lastKnownFileType = sourcecode.swift; path = "Client+POST.swift"; sourceTree = "<group>"; };
		094C59EF28A16B3600ECB3E3 /* LoginResponse.swift */ = {isa = PBXFileReference; lastKnownFileType = sourcecode.swift; path = LoginResponse.swift; sourceTree = "<group>"; };
		094C59F128A16BAF00ECB3E3 /* Account.swift */ = {isa = PBXFileReference; lastKnownFileType = sourcecode.swift; path = Account.swift; sourceTree = "<group>"; };
		094C59F328A16BBD00ECB3E3 /* Session.swift */ = {isa = PBXFileReference; lastKnownFileType = sourcecode.swift; path = Session.swift; sourceTree = "<group>"; };
		094C59F528A16E0C00ECB3E3 /* UserProfile.swift */ = {isa = PBXFileReference; lastKnownFileType = sourcecode.swift; path = UserProfile.swift; sourceTree = "<group>"; };
		094C59F728A16F4A00ECB3E3 /* StudentLocation.swift */ = {isa = PBXFileReference; lastKnownFileType = sourcecode.swift; path = StudentLocation.swift; sourceTree = "<group>"; };
		094C59F928A16FD200ECB3E3 /* PostLocationResponse.swift */ = {isa = PBXFileReference; lastKnownFileType = sourcecode.swift; path = PostLocationResponse.swift; sourceTree = "<group>"; };
		094C59FB28A1703D00ECB3E3 /* UpdateLocationResponse.swift */ = {isa = PBXFileReference; lastKnownFileType = sourcecode.swift; path = UpdateLocationResponse.swift; sourceTree = "<group>"; };
		094C59FE28A170D600ECB3E3 /* UITextFieldExtension.swift */ = {isa = PBXFileReference; lastKnownFileType = sourcecode.swift; path = UITextFieldExtension.swift; sourceTree = "<group>"; };
		094C5A0428A1883B00ECB3E3 /* Location.swift */ = {isa = PBXFileReference; lastKnownFileType = sourcecode.swift; path = Location.swift; sourceTree = "<group>"; };
		0955F42328999E70009B14F2 /* OnTheMap2.0.app */ = {isa = PBXFileReference; explicitFileType = wrapper.application; includeInIndex = 0; path = OnTheMap2.0.app; sourceTree = BUILT_PRODUCTS_DIR; };
		0955F42628999E70009B14F2 /* AppDelegate.swift */ = {isa = PBXFileReference; lastKnownFileType = sourcecode.swift; path = AppDelegate.swift; sourceTree = "<group>"; };
		0955F42828999E70009B14F2 /* SceneDelegate.swift */ = {isa = PBXFileReference; lastKnownFileType = sourcecode.swift; path = SceneDelegate.swift; sourceTree = "<group>"; };
		0955F42A28999E70009B14F2 /* Client.swift */ = {isa = PBXFileReference; lastKnownFileType = sourcecode.swift; path = Client.swift; sourceTree = "<group>"; };
		0955F42D28999E70009B14F2 /* Base */ = {isa = PBXFileReference; lastKnownFileType = file.storyboard; name = Base; path = Base.lproj/Main.storyboard; sourceTree = "<group>"; };
		0955F42F28999E72009B14F2 /* Assets.xcassets */ = {isa = PBXFileReference; lastKnownFileType = folder.assetcatalog; path = Assets.xcassets; sourceTree = "<group>"; };
		0955F43228999E72009B14F2 /* Base */ = {isa = PBXFileReference; lastKnownFileType = file.storyboard; name = Base; path = Base.lproj/LaunchScreen.storyboard; sourceTree = "<group>"; };
		0955F43428999E72009B14F2 /* Info.plist */ = {isa = PBXFileReference; lastKnownFileType = text.plist.xml; path = Info.plist; sourceTree = "<group>"; };
		0955F43A28999EA0009B14F2 /* StudentInformation.swift */ = {isa = PBXFileReference; lastKnownFileType = sourcecode.swift; path = StudentInformation.swift; sourceTree = "<group>"; };
		0955F43C2899A33E009B14F2 /* APIResponse.swift */ = {isa = PBXFileReference; lastKnownFileType = sourcecode.swift; path = APIResponse.swift; sourceTree = "<group>"; };
		0955F43E2899C2A5009B14F2 /* MapViewController.swift */ = {isa = PBXFileReference; lastKnownFileType = sourcecode.swift; path = MapViewController.swift; sourceTree = "<group>"; };
		0955F441289ABF38009B14F2 /* MapKit.framework */ = {isa = PBXFileReference; lastKnownFileType = wrapper.framework; name = MapKit.framework; path = System/Library/Frameworks/MapKit.framework; sourceTree = SDKROOT; };
		09E1753F289C353B00F4A14A /* InputStudentLocationDataViewController.swift */ = {isa = PBXFileReference; lastKnownFileType = sourcecode.swift; path = InputStudentLocationDataViewController.swift; sourceTree = "<group>"; };
		09E17542289C510900F4A14A /* TableCell.swift */ = {isa = PBXFileReference; lastKnownFileType = sourcecode.swift; path = TableCell.swift; sourceTree = "<group>"; };
		09E17544289C54A600F4A14A /* UIViewControllerExtensions.swift */ = {isa = PBXFileReference; lastKnownFileType = sourcecode.swift; path = UIViewControllerExtensions.swift; sourceTree = "<group>"; };
		09E17546289C619100F4A14A /* TheRequestHelpers.swift */ = {isa = PBXFileReference; lastKnownFileType = sourcecode.swift; path = TheRequestHelpers.swift; sourceTree = "<group>"; };
		09E17548289C656300F4A14A /* LoginRequest.swift */ = {isa = PBXFileReference; lastKnownFileType = sourcecode.swift; path = LoginRequest.swift; sourceTree = "<group>"; };
		09E7A4BB289AD67A00AC883B /* LoginViewController.swift */ = {isa = PBXFileReference; lastKnownFileType = sourcecode.swift; path = LoginViewController.swift; sourceTree = "<group>"; };
		09E7A4CB289B042B00AC883B /* ListViewController.swift */ = {isa = PBXFileReference; lastKnownFileType = sourcecode.swift; path = ListViewController.swift; sourceTree = "<group>"; };
		09E7A4D7289B2AF000AC883B /* AddStudentViewController.swift */ = {isa = PBXFileReference; lastKnownFileType = sourcecode.swift; path = AddStudentViewController.swift; sourceTree = "<group>"; };
/* End PBXFileReference section */

/* Begin PBXFrameworksBuildPhase section */
		0955F42028999E70009B14F2 /* Frameworks */ = {
			isa = PBXFrameworksBuildPhase;
			buildActionMask = 2147483647;
			files = (
				0955F442289ABF38009B14F2 /* MapKit.framework in Frameworks */,
			);
			runOnlyForDeploymentPostprocessing = 0;
		};
/* End PBXFrameworksBuildPhase section */

/* Begin PBXGroup section */
		094C59FD28A170A400ECB3E3 /* Networking */ = {
			isa = PBXGroup;
			children = (
				0955F42A28999E70009B14F2 /* Client.swift */,
				09E17546289C619100F4A14A /* TheRequestHelpers.swift */,
				0955F43C2899A33E009B14F2 /* APIResponse.swift */,
				0903C33B28A6A86200062CCA /* Client+POST.swift */,
			);
			path = Networking;
			sourceTree = "<group>";
		};
		0955F41A28999E70009B14F2 = {
			isa = PBXGroup;
			children = (
				0955F42528999E70009B14F2 /* OnTheMap2.0 */,
				0955F42428999E70009B14F2 /* Products */,
				0955F440289ABF38009B14F2 /* Frameworks */,
			);
			sourceTree = "<group>";
		};
		0955F42428999E70009B14F2 /* Products */ = {
			isa = PBXGroup;
			children = (
				0955F42328999E70009B14F2 /* OnTheMap2.0.app */,
			);
			name = Products;
			sourceTree = "<group>";
		};
		0955F42528999E70009B14F2 /* OnTheMap2.0 */ = {
			isa = PBXGroup;
			children = (
				0955F43428999E72009B14F2 /* Info.plist */,
				0955F42628999E70009B14F2 /* AppDelegate.swift */,
				0955F42828999E70009B14F2 /* SceneDelegate.swift */,
				09E1753C289C33BC00F4A14A /* Utils */,
				0955F443289AC5B1009B14F2 /* Model */,
				0955F446289AC6CB009B14F2 /* ViewControllers */,
				0955F445289AC5EF009B14F2 /* Assets */,
			);
			path = OnTheMap2.0;
			sourceTree = "<group>";
		};
		0955F440289ABF38009B14F2 /* Frameworks */ = {
			isa = PBXGroup;
			children = (
				0955F441289ABF38009B14F2 /* MapKit.framework */,
			);
			name = Frameworks;
			sourceTree = "<group>";
		};
		0955F443289AC5B1009B14F2 /* Model */ = {
			isa = PBXGroup;
			children = (
				094C59FD28A170A400ECB3E3 /* Networking */,
				09E17548289C656300F4A14A /* LoginRequest.swift */,
				094C59F328A16BBD00ECB3E3 /* Session.swift */,
				094C59F128A16BAF00ECB3E3 /* Account.swift */,
				094C59EF28A16B3600ECB3E3 /* LoginResponse.swift */,
				0955F43A28999EA0009B14F2 /* StudentInformation.swift */,
				094C59F728A16F4A00ECB3E3 /* StudentLocation.swift */,
				094C59F928A16FD200ECB3E3 /* PostLocationResponse.swift */,
				094C5A0428A1883B00ECB3E3 /* Location.swift */,
				094C59FB28A1703D00ECB3E3 /* UpdateLocationResponse.swift */,
				094C59F528A16E0C00ECB3E3 /* UserProfile.swift */,
			);
			path = Model;
			sourceTree = "<group>";
		};
		0955F445289AC5EF009B14F2 /* Assets */ = {
			isa = PBXGroup;
			children = (
				0955F42C28999E70009B14F2 /* Main.storyboard */,
				0955F42F28999E72009B14F2 /* Assets.xcassets */,
				0955F43128999E72009B14F2 /* LaunchScreen.storyboard */,
			);
			path = Assets;
			sourceTree = "<group>";
		};
		0955F446289AC6CB009B14F2 /* ViewControllers */ = {
			isa = PBXGroup;
			children = (
				09E17541289C50E800F4A14A /* Cell */,
				09E7A4BB289AD67A00AC883B /* LoginViewController.swift */,
				0955F43E2899C2A5009B14F2 /* MapViewController.swift */,
				09E1753F289C353B00F4A14A /* InputStudentLocationDataViewController.swift */,
				09E7A4CB289B042B00AC883B /* ListViewController.swift */,
				09E7A4D7289B2AF000AC883B /* AddStudentViewController.swift */,
			);
			path = ViewControllers;
			sourceTree = "<group>";
		};
		09E1753C289C33BC00F4A14A /* Utils */ = {
			isa = PBXGroup;
			children = (
				09E17544289C54A600F4A14A /* UIViewControllerExtensions.swift */,
				094C59FE28A170D600ECB3E3 /* UITextFieldExtension.swift */,
			);
			path = Utils;
			sourceTree = "<group>";
		};
		09E17541289C50E800F4A14A /* Cell */ = {
			isa = PBXGroup;
			children = (
				09E17542289C510900F4A14A /* TableCell.swift */,
			);
			path = Cell;
			sourceTree = "<group>";
		};
/* End PBXGroup section */

/* Begin PBXNativeTarget section */
		0955F42228999E70009B14F2 /* OnTheMap2.0 */ = {
			isa = PBXNativeTarget;
			buildConfigurationList = 0955F43728999E72009B14F2 /* Build configuration list for PBXNativeTarget "OnTheMap2.0" */;
			buildPhases = (
				0955F41F28999E70009B14F2 /* Sources */,
				0955F42028999E70009B14F2 /* Frameworks */,
				0955F42128999E70009B14F2 /* Resources */,
			);
			buildRules = (
			);
			dependencies = (
			);
			name = OnTheMap2.0;
			productName = OnTheMap2.0;
			productReference = 0955F42328999E70009B14F2 /* OnTheMap2.0.app */;
			productType = "com.apple.product-type.application";
		};
/* End PBXNativeTarget section */

/* Begin PBXProject section */
		0955F41B28999E70009B14F2 /* Project object */ = {
			isa = PBXProject;
			attributes = {
				BuildIndependentTargetsInParallel = 1;
				LastSwiftUpdateCheck = 1340;
				LastUpgradeCheck = 1340;
				TargetAttributes = {
					0955F42228999E70009B14F2 = {
						CreatedOnToolsVersion = 13.4.1;
					};
				};
			};
			buildConfigurationList = 0955F41E28999E70009B14F2 /* Build configuration list for PBXProject "OnTheMap2.0" */;
			compatibilityVersion = "Xcode 13.0";
			developmentRegion = en;
			hasScannedForEncodings = 0;
			knownRegions = (
				en,
				Base,
			);
			mainGroup = 0955F41A28999E70009B14F2;
			productRefGroup = 0955F42428999E70009B14F2 /* Products */;
			projectDirPath = "";
			projectRoot = "";
			targets = (
				0955F42228999E70009B14F2 /* OnTheMap2.0 */,
			);
		};
/* End PBXProject section */

/* Begin PBXResourcesBuildPhase section */
		0955F42128999E70009B14F2 /* Resources */ = {
			isa = PBXResourcesBuildPhase;
			buildActionMask = 2147483647;
			files = (
				0955F43328999E72009B14F2 /* LaunchScreen.storyboard in Resources */,
				0955F43028999E72009B14F2 /* Assets.xcassets in Resources */,
				0955F42E28999E70009B14F2 /* Main.storyboard in Resources */,
			);
			runOnlyForDeploymentPostprocessing = 0;
		};
/* End PBXResourcesBuildPhase section */

/* Begin PBXSourcesBuildPhase section */
		0955F41F28999E70009B14F2 /* Sources */ = {
			isa = PBXSourcesBuildPhase;
			buildActionMask = 2147483647;
			files = (
				094C59FC28A1703D00ECB3E3 /* UpdateLocationResponse.swift in Sources */,
				09E17540289C353B00F4A14A /* InputStudentLocationDataViewController.swift in Sources */,
				094C59F428A16BBD00ECB3E3 /* Session.swift in Sources */,
				094C59F828A16F4A00ECB3E3 /* StudentLocation.swift in Sources */,
				09E7A4BC289AD67A00AC883B /* LoginViewController.swift in Sources */,
				094C59FF28A170D600ECB3E3 /* UITextFieldExtension.swift in Sources */,
				0955F43F2899C2A5009B14F2 /* MapViewController.swift in Sources */,
				09E17547289C619100F4A14A /* TheRequestHelpers.swift in Sources */,
				09E17545289C54A600F4A14A /* UIViewControllerExtensions.swift in Sources */,
				094C59F228A16BAF00ECB3E3 /* Account.swift in Sources */,
				0955F43B28999EA0009B14F2 /* StudentInformation.swift in Sources */,
				094C59F628A16E0C00ECB3E3 /* UserProfile.swift in Sources */,
				0903C33C28A6A86200062CCA /* Client+POST.swift in Sources */,
				094C59F028A16B3600ECB3E3 /* LoginResponse.swift in Sources */,
				09E7A4CC289B042B00AC883B /* ListViewController.swift in Sources */,
				094C5A0528A1883B00ECB3E3 /* Location.swift in Sources */,
				0955F42B28999E70009B14F2 /* Client.swift in Sources */,
				09E17543289C510900F4A14A /* TableCell.swift in Sources */,
				09E7A4D8289B2AF000AC883B /* AddStudentViewController.swift in Sources */,
				0955F42728999E70009B14F2 /* AppDelegate.swift in Sources */,
				0955F43D2899A33E009B14F2 /* APIResponse.swift in Sources */,
				0955F42928999E70009B14F2 /* SceneDelegate.swift in Sources */,
				09E17549289C656300F4A14A /* LoginRequest.swift in Sources */,
				094C59FA28A16FD200ECB3E3 /* PostLocationResponse.swift in Sources */,
			);
			runOnlyForDeploymentPostprocessing = 0;
		};
/* End PBXSourcesBuildPhase section */

/* Begin PBXVariantGroup section */
		0955F42C28999E70009B14F2 /* Main.storyboard */ = {
			isa = PBXVariantGroup;
			children = (
				0955F42D28999E70009B14F2 /* Base */,
			);
			name = Main.storyboard;
			sourceTree = "<group>";
		};
		0955F43128999E72009B14F2 /* LaunchScreen.storyboard */ = {
			isa = PBXVariantGroup;
			children = (
				0955F43228999E72009B14F2 /* Base */,
			);
			name = LaunchScreen.storyboard;
			sourceTree = "<group>";
		};
/* End PBXVariantGroup section */

/* Begin XCBuildConfiguration section */
		0955F43528999E72009B14F2 /* Debug */ = {
			isa = XCBuildConfiguration;
			buildSettings = {
				ALWAYS_SEARCH_USER_PATHS = NO;
				CLANG_ANALYZER_NONNULL = YES;
				CLANG_ANALYZER_NUMBER_OBJECT_CONVERSION = YES_AGGRESSIVE;
				CLANG_CXX_LANGUAGE_STANDARD = "gnu++17";
				CLANG_ENABLE_MODULES = YES;
				CLANG_ENABLE_OBJC_ARC = YES;
				CLANG_ENABLE_OBJC_WEAK = YES;
				CLANG_WARN_BLOCK_CAPTURE_AUTORELEASING = YES;
				CLANG_WARN_BOOL_CONVERSION = YES;
				CLANG_WARN_COMMA = YES;
				CLANG_WARN_CONSTANT_CONVERSION = YES;
				CLANG_WARN_DEPRECATED_OBJC_IMPLEMENTATIONS = YES;
				CLANG_WARN_DIRECT_OBJC_ISA_USAGE = YES_ERROR;
				CLANG_WARN_DOCUMENTATION_COMMENTS = YES;
				CLANG_WARN_EMPTY_BODY = YES;
				CLANG_WARN_ENUM_CONVERSION = YES;
				CLANG_WARN_INFINITE_RECURSION = YES;
				CLANG_WARN_INT_CONVERSION = YES;
				CLANG_WARN_NON_LITERAL_NULL_CONVERSION = YES;
				CLANG_WARN_OBJC_IMPLICIT_RETAIN_SELF = YES;
				CLANG_WARN_OBJC_LITERAL_CONVERSION = YES;
				CLANG_WARN_OBJC_ROOT_CLASS = YES_ERROR;
				CLANG_WARN_QUOTED_INCLUDE_IN_FRAMEWORK_HEADER = YES;
				CLANG_WARN_RANGE_LOOP_ANALYSIS = YES;
				CLANG_WARN_STRICT_PROTOTYPES = YES;
				CLANG_WARN_SUSPICIOUS_MOVE = YES;
				CLANG_WARN_UNGUARDED_AVAILABILITY = YES_AGGRESSIVE;
				CLANG_WARN_UNREACHABLE_CODE = YES;
				CLANG_WARN__DUPLICATE_METHOD_MATCH = YES;
				COPY_PHASE_STRIP = NO;
				DEBUG_INFORMATION_FORMAT = dwarf;
				ENABLE_STRICT_OBJC_MSGSEND = YES;
				ENABLE_TESTABILITY = YES;
				GCC_C_LANGUAGE_STANDARD = gnu11;
				GCC_DYNAMIC_NO_PIC = NO;
				GCC_NO_COMMON_BLOCKS = YES;
				GCC_OPTIMIZATION_LEVEL = 0;
				GCC_PREPROCESSOR_DEFINITIONS = (
					"DEBUG=1",
					"$(inherited)",
				);
				GCC_WARN_64_TO_32_BIT_CONVERSION = YES;
				GCC_WARN_ABOUT_RETURN_TYPE = YES_ERROR;
				GCC_WARN_UNDECLARED_SELECTOR = YES;
				GCC_WARN_UNINITIALIZED_AUTOS = YES_AGGRESSIVE;
				GCC_WARN_UNUSED_FUNCTION = YES;
				GCC_WARN_UNUSED_VARIABLE = YES;
				IPHONEOS_DEPLOYMENT_TARGET = 15.5;
				MTL_ENABLE_DEBUG_INFO = INCLUDE_SOURCE;
				MTL_FAST_MATH = YES;
				ONLY_ACTIVE_ARCH = YES;
				SDKROOT = iphoneos;
				SWIFT_ACTIVE_COMPILATION_CONDITIONS = DEBUG;
				SWIFT_OPTIMIZATION_LEVEL = "-Onone";
			};
			name = Debug;
		};
		0955F43628999E72009B14F2 /* Release */ = {
			isa = XCBuildConfiguration;
			buildSettings = {
				ALWAYS_SEARCH_USER_PATHS = NO;
				CLANG_ANALYZER_NONNULL = YES;
				CLANG_ANALYZER_NUMBER_OBJECT_CONVERSION = YES_AGGRESSIVE;
				CLANG_CXX_LANGUAGE_STANDARD = "gnu++17";
				CLANG_ENABLE_MODULES = YES;
				CLANG_ENABLE_OBJC_ARC = YES;
				CLANG_ENABLE_OBJC_WEAK = YES;
				CLANG_WARN_BLOCK_CAPTURE_AUTORELEASING = YES;
				CLANG_WARN_BOOL_CONVERSION = YES;
				CLANG_WARN_COMMA = YES;
				CLANG_WARN_CONSTANT_CONVERSION = YES;
				CLANG_WARN_DEPRECATED_OBJC_IMPLEMENTATIONS = YES;
				CLANG_WARN_DIRECT_OBJC_ISA_USAGE = YES_ERROR;
				CLANG_WARN_DOCUMENTATION_COMMENTS = YES;
				CLANG_WARN_EMPTY_BODY = YES;
				CLANG_WARN_ENUM_CONVERSION = YES;
				CLANG_WARN_INFINITE_RECURSION = YES;
				CLANG_WARN_INT_CONVERSION = YES;
				CLANG_WARN_NON_LITERAL_NULL_CONVERSION = YES;
				CLANG_WARN_OBJC_IMPLICIT_RETAIN_SELF = YES;
				CLANG_WARN_OBJC_LITERAL_CONVERSION = YES;
				CLANG_WARN_OBJC_ROOT_CLASS = YES_ERROR;
				CLANG_WARN_QUOTED_INCLUDE_IN_FRAMEWORK_HEADER = YES;
				CLANG_WARN_RANGE_LOOP_ANALYSIS = YES;
				CLANG_WARN_STRICT_PROTOTYPES = YES;
				CLANG_WARN_SUSPICIOUS_MOVE = YES;
				CLANG_WARN_UNGUARDED_AVAILABILITY = YES_AGGRESSIVE;
				CLANG_WARN_UNREACHABLE_CODE = YES;
				CLANG_WARN__DUPLICATE_METHOD_MATCH = YES;
				COPY_PHASE_STRIP = NO;
				DEBUG_INFORMATION_FORMAT = "dwarf-with-dsym";
				ENABLE_NS_ASSERTIONS = NO;
				ENABLE_STRICT_OBJC_MSGSEND = YES;
				GCC_C_LANGUAGE_STANDARD = gnu11;
				GCC_NO_COMMON_BLOCKS = YES;
				GCC_WARN_64_TO_32_BIT_CONVERSION = YES;
				GCC_WARN_ABOUT_RETURN_TYPE = YES_ERROR;
				GCC_WARN_UNDECLARED_SELECTOR = YES;
				GCC_WARN_UNINITIALIZED_AUTOS = YES_AGGRESSIVE;
				GCC_WARN_UNUSED_FUNCTION = YES;
				GCC_WARN_UNUSED_VARIABLE = YES;
				IPHONEOS_DEPLOYMENT_TARGET = 15.5;
				MTL_ENABLE_DEBUG_INFO = NO;
				MTL_FAST_MATH = YES;
				SDKROOT = iphoneos;
				SWIFT_COMPILATION_MODE = wholemodule;
				SWIFT_OPTIMIZATION_LEVEL = "-O";
				VALIDATE_PRODUCT = YES;
			};
			name = Release;
		};
		0955F43828999E72009B14F2 /* Debug */ = {
			isa = XCBuildConfiguration;
			buildSettings = {
				ASSETCATALOG_COMPILER_APPICON_NAME = AppIcon;
				ASSETCATALOG_COMPILER_GLOBAL_ACCENT_COLOR_NAME = AccentColor;
				CODE_SIGN_STYLE = Automatic;
				CURRENT_PROJECT_VERSION = 1;
				DEVELOPMENT_TEAM = Q5V44QY635;
				GENERATE_INFOPLIST_FILE = YES;
				INFOPLIST_FILE = OnTheMap2.0/Info.plist;
				INFOPLIST_KEY_UIApplicationSupportsIndirectInputEvents = YES;
				INFOPLIST_KEY_UILaunchStoryboardName = LaunchScreen;
				INFOPLIST_KEY_UIMainStoryboardFile = Main;
				INFOPLIST_KEY_UISupportedInterfaceOrientations_iPad = "UIInterfaceOrientationPortrait UIInterfaceOrientationPortraitUpsideDown UIInterfaceOrientationLandscapeLeft UIInterfaceOrientationLandscapeRight";
				INFOPLIST_KEY_UISupportedInterfaceOrientations_iPhone = "UIInterfaceOrientationPortrait UIInterfaceOrientationLandscapeLeft UIInterfaceOrientationLandscapeRight";
				LD_RUNPATH_SEARCH_PATHS = (
					"$(inherited)",
					"@executable_path/Frameworks",
				);
				MARKETING_VERSION = 1.0;
				PRODUCT_BUNDLE_IDENTIFIER = "com.kumpeapps.ios.waylon.OnTheMap2-0";
				PRODUCT_NAME = "$(TARGET_NAME)";
				SWIFT_EMIT_LOC_STRINGS = YES;
				SWIFT_VERSION = 5.0;
				TARGETED_DEVICE_FAMILY = "1,2";
			};
			name = Debug;
		};
		0955F43928999E72009B14F2 /* Release */ = {
			isa = XCBuildConfiguration;
			buildSettings = {
				ASSETCATALOG_COMPILER_APPICON_NAME = AppIcon;
				ASSETCATALOG_COMPILER_GLOBAL_ACCENT_COLOR_NAME = AccentColor;
				CODE_SIGN_STYLE = Automatic;
				CURRENT_PROJECT_VERSION = 1;
				DEVELOPMENT_TEAM = Q5V44QY635;
				GENERATE_INFOPLIST_FILE = YES;
				INFOPLIST_FILE = OnTheMap2.0/Info.plist;
				INFOPLIST_KEY_UIApplicationSupportsIndirectInputEvents = YES;
				INFOPLIST_KEY_UILaunchStoryboardName = LaunchScreen;
				INFOPLIST_KEY_UIMainStoryboardFile = Main;
				INFOPLIST_KEY_UISupportedInterfaceOrientations_iPad = "UIInterfaceOrientationPortrait UIInterfaceOrientationPortraitUpsideDown UIInterfaceOrientationLandscapeLeft UIInterfaceOrientationLandscapeRight";
				INFOPLIST_KEY_UISupportedInterfaceOrientations_iPhone = "UIInterfaceOrientationPortrait UIInterfaceOrientationLandscapeLeft UIInterfaceOrientationLandscapeRight";
				LD_RUNPATH_SEARCH_PATHS = (
					"$(inherited)",
					"@executable_path/Frameworks",
				);
				MARKETING_VERSION = 1.0;
				PRODUCT_BUNDLE_IDENTIFIER = "com.kumpeapps.ios.waylon.OnTheMap2-0";
				PRODUCT_NAME = "$(TARGET_NAME)";
				SWIFT_EMIT_LOC_STRINGS = YES;
				SWIFT_VERSION = 5.0;
				TARGETED_DEVICE_FAMILY = "1,2";
			};
			name = Release;
		};
/* End XCBuildConfiguration section */

/* Begin XCConfigurationList section */
		0955F41E28999E70009B14F2 /* Build configuration list for PBXProject "OnTheMap2.0" */ = {
			isa = XCConfigurationList;
			buildConfigurations = (
				0955F43528999E72009B14F2 /* Debug */,
				0955F43628999E72009B14F2 /* Release */,
			);
			defaultConfigurationIsVisible = 0;
			defaultConfigurationName = Release;
		};
		0955F43728999E72009B14F2 /* Build configuration list for PBXNativeTarget "OnTheMap2.0" */ = {
			isa = XCConfigurationList;
			buildConfigurations = (
				0955F43828999E72009B14F2 /* Debug */,
				0955F43928999E72009B14F2 /* Release */,
			);
			defaultConfigurationIsVisible = 0;
			defaultConfigurationName = Release;
		};
/* End XCConfigurationList section */
	};
	rootObject = 0955F41B28999E70009B14F2 /* Project object */;
}
